// !$*UTF8*$!
{
	archiveVersion = 1;
	classes = {
	};
	objectVersion = 50;
	objects = {

/* Begin PBXBuildFile section */
		9DEF4BFC24D5373A0007C105 /* AppDelegate.swift in Sources */ = {isa = PBXBuildFile; fileRef = 9DEF4BFB24D5373A0007C105 /* AppDelegate.swift */; };
		9DEF4C0024D5373A0007C105 /* ViewController.swift in Sources */ = {isa = PBXBuildFile; fileRef = 9DEF4BFF24D5373A0007C105 /* ViewController.swift */; };
		9DEF4C0324D5373A0007C105 /* Main.storyboard in Resources */ = {isa = PBXBuildFile; fileRef = 9DEF4C0124D5373A0007C105 /* Main.storyboard */; };
		9DEF4C0524D5373D0007C105 /* Assets.xcassets in Resources */ = {isa = PBXBuildFile; fileRef = 9DEF4C0424D5373D0007C105 /* Assets.xcassets */; };
		9DEF4C0824D5373D0007C105 /* LaunchScreen.storyboard in Resources */ = {isa = PBXBuildFile; fileRef = 9DEF4C0624D5373D0007C105 /* LaunchScreen.storyboard */; };
		9DEF4C1024D5387F0007C105 /* DiskStatus.swift in Sources */ = {isa = PBXBuildFile; fileRef = 9DEF4C0F24D5387F0007C105 /* DiskStatus.swift */; };
		9DEF4C1224D53C810007C105 /* BatteryStatus.swift in Sources */ = {isa = PBXBuildFile; fileRef = 9DEF4C1124D53C810007C105 /* BatteryStatus.swift */; };
/* End PBXBuildFile section */

/* Begin PBXFileReference section */
		9DEF4BF824D5373A0007C105 /* DeviceUtilites.app */ = {isa = PBXFileReference; explicitFileType = wrapper.application; includeInIndex = 0; path = DeviceUtilites.app; sourceTree = BUILT_PRODUCTS_DIR; };
		9DEF4BFB24D5373A0007C105 /* AppDelegate.swift */ = {isa = PBXFileReference; lastKnownFileType = sourcecode.swift; path = AppDelegate.swift; sourceTree = "<group>"; };
		9DEF4BFF24D5373A0007C105 /* ViewController.swift */ = {isa = PBXFileReference; lastKnownFileType = sourcecode.swift; path = ViewController.swift; sourceTree = "<group>"; };
		9DEF4C0224D5373A0007C105 /* Base */ = {isa = PBXFileReference; lastKnownFileType = file.storyboard; name = Base; path = Base.lproj/Main.storyboard; sourceTree = "<group>"; };
		9DEF4C0424D5373D0007C105 /* Assets.xcassets */ = {isa = PBXFileReference; lastKnownFileType = folder.assetcatalog; path = Assets.xcassets; sourceTree = "<group>"; };
		9DEF4C0724D5373D0007C105 /* Base */ = {isa = PBXFileReference; lastKnownFileType = file.storyboard; name = Base; path = Base.lproj/LaunchScreen.storyboard; sourceTree = "<group>"; };
		9DEF4C0924D5373D0007C105 /* Info.plist */ = {isa = PBXFileReference; lastKnownFileType = text.plist.xml; path = Info.plist; sourceTree = "<group>"; };
		9DEF4C0F24D5387F0007C105 /* DiskStatus.swift */ = {isa = PBXFileReference; fileEncoding = 4; lastKnownFileType = sourcecode.swift; path = DiskStatus.swift; sourceTree = "<group>"; };
		9DEF4C1124D53C810007C105 /* BatteryStatus.swift */ = {isa = PBXFileReference; lastKnownFileType = sourcecode.swift; path = BatteryStatus.swift; sourceTree = "<group>"; };
/* End PBXFileReference section */

/* Begin PBXFrameworksBuildPhase section */
		9DEF4BF524D5373A0007C105 /* Frameworks */ = {
			isa = PBXFrameworksBuildPhase;
			buildActionMask = 2147483647;
			files = (
			);
			runOnlyForDeploymentPostprocessing = 0;
		};
/* End PBXFrameworksBuildPhase section */

/* Begin PBXGroup section */
		9DEF4BEF24D5373A0007C105 = {
			isa = PBXGroup;
			children = (
				9DEF4BFA24D5373A0007C105 /* DeviceUtilites */,
				9DEF4BF924D5373A0007C105 /* Products */,
			);
			sourceTree = "<group>";
		};
		9DEF4BF924D5373A0007C105 /* Products */ = {
			isa = PBXGroup;
			children = (
				9DEF4BF824D5373A0007C105 /* DeviceUtilites.app */,
			);
			name = Products;
			sourceTree = "<group>";
		};
		9DEF4BFA24D5373A0007C105 /* DeviceUtilites */ = {
			isa = PBXGroup;
			children = (
				9DEF4C0F24D5387F0007C105 /* DiskStatus.swift */,
				9DEF4BFB24D5373A0007C105 /* AppDelegate.swift */,
				9DEF4BFF24D5373A0007C105 /* ViewController.swift */,
				9DEF4C0124D5373A0007C105 /* Main.storyboard */,
				9DEF4C0424D5373D0007C105 /* Assets.xcassets */,
				9DEF4C0624D5373D0007C105 /* LaunchScreen.storyboard */,
				9DEF4C0924D5373D0007C105 /* Info.plist */,
				9DEF4C1124D53C810007C105 /* BatteryStatus.swift */,
			);
			path = DeviceUtilites;
			sourceTree = "<group>";
		};
/* End PBXGroup section */

/* Begin PBXNativeTarget section */
		9DEF4BF724D5373A0007C105 /* DeviceUtilites */ = {
			isa = PBXNativeTarget;
			buildConfigurationList = 9DEF4C0C24D5373D0007C105 /* Build configuration list for PBXNativeTarget "DeviceUtilites" */;
			buildPhases = (
				9DEF4BF424D5373A0007C105 /* Sources */,
				9DEF4BF524D5373A0007C105 /* Frameworks */,
				9DEF4BF624D5373A0007C105 /* Resources */,
			);
			buildRules = (
			);
			dependencies = (
			);
			name = DeviceUtilites;
			productName = DeviceUtilites;
			productReference = 9DEF4BF824D5373A0007C105 /* DeviceUtilites.app */;
			productType = "com.apple.product-type.application";
		};
/* End PBXNativeTarget section */

/* Begin PBXProject section */
		9DEF4BF024D5373A0007C105 /* Project object */ = {
			isa = PBXProject;
			attributes = {
				LastSwiftUpdateCheck = 1160;
				LastUpgradeCheck = 1160;
				ORGANIZATIONNAME = Nitin;
				TargetAttributes = {
					9DEF4BF724D5373A0007C105 = {
						CreatedOnToolsVersion = 11.6;
					};
				};
			};
			buildConfigurationList = 9DEF4BF324D5373A0007C105 /* Build configuration list for PBXProject "DeviceUtilites" */;
			compatibilityVersion = "Xcode 9.3";
			developmentRegion = en;
			hasScannedForEncodings = 0;
			knownRegions = (
				en,
				Base,
			);
			mainGroup = 9DEF4BEF24D5373A0007C105;
			productRefGroup = 9DEF4BF924D5373A0007C105 /* Products */;
			projectDirPath = "";
			projectRoot = "";
			targets = (
				9DEF4BF724D5373A0007C105 /* DeviceUtilites */,
			);
		};
/* End PBXProject section */

/* Begin PBXResourcesBuildPhase section */
		9DEF4BF624D5373A0007C105 /* Resources */ = {
			isa = PBXResourcesBuildPhase;
			buildActionMask = 2147483647;
			files = (
				9DEF4C0824D5373D0007C105 /* LaunchScreen.storyboard in Resources */,
				9DEF4C0524D5373D0007C105 /* Assets.xcassets in Resources */,
				9DEF4C0324D5373A0007C105 /* Main.storyboard in Resources */,
			);
			runOnlyForDeploymentPostprocessing = 0;
		};
/* End PBXResourcesBuildPhase section */

/* Begin PBXSourcesBuildPhase section */
		9DEF4BF424D5373A0007C105 /* Sources */ = {
			isa = PBXSourcesBuildPhase;
			buildActionMask = 2147483647;
			files = (
				9DEF4C0024D5373A0007C105 /* ViewController.swift in Sources */,
				9DEF4BFC24D5373A0007C105 /* AppDelegate.swift in Sources */,
				9DEF4C1024D5387F0007C105 /* DiskStatus.swift in Sources */,
				9DEF4C1224D53C810007C105 /* BatteryStatus.swift in Sources */,
			);
			runOnlyForDeploymentPostprocessing = 0;
		};
/* End PBXSourcesBuildPhase section */

/* Begin PBXVariantGroup section */
		9DEF4C0124D5373A0007C105 /* Main.storyboard */ = {
			isa = PBXVariantGroup;
			children = (
				9DEF4C0224D5373A0007C105 /* Base */,
			);
			name = Main.storyboard;
			sourceTree = "<group>";
		};
		9DEF4C0624D5373D0007C105 /* LaunchScreen.storyboard */ = {
			isa = PBXVariantGroup;
			children = (
				9DEF4C0724D5373D0007C105 /* Base */,
			);
			name = LaunchScreen.storyboard;
			sourceTree = "<group>";
		};
/* End PBXVariantGroup section */

/* Begin XCBuildConfiguration section */
		9DEF4C0A24D5373D0007C105 /* Debug */ = {
			isa = XCBuildConfiguration;
			buildSettings = {
				ALWAYS_SEARCH_USER_PATHS = NO;
				CLANG_ANALYZER_NONNULL = YES;
				CLANG_ANALYZER_NUMBER_OBJECT_CONVERSION = YES_AGGRESSIVE;
				CLANG_CXX_LANGUAGE_STANDARD = "gnu++14";
				CLANG_CXX_LIBRARY = "libc++";
				CLANG_ENABLE_MODULES = YES;
				CLANG_ENABLE_OBJC_ARC = YES;
				CLANG_ENABLE_OBJC_WEAK = YES;
				CLANG_WARN_BLOCK_CAPTURE_AUTORELEASING = YES;
				CLANG_WARN_BOOL_CONVERSION = YES;
				CLANG_WARN_COMMA = YES;
				CLANG_WARN_CONSTANT_CONVERSION = YES;
				CLANG_WARN_DEPRECATED_OBJC_IMPLEMENTATIONS = YES;
				CLANG_WARN_DIRECT_OBJC_ISA_USAGE = YES_ERROR;
				CLANG_WARN_DOCUMENTATION_COMMENTS = YES;
				CLANG_WARN_EMPTY_BODY = YES;
				CLANG_WARN_ENUM_CONVERSION = YES;
				CLANG_WARN_INFINITE_RECURSION = YES;
				CLANG_WARN_INT_CONVERSION = YES;
				CLANG_WARN_NON_LITERAL_NULL_CONVERSION = YES;
				CLANG_WARN_OBJC_IMPLICIT_RETAIN_SELF = YES;
				CLANG_WARN_OBJC_LITERAL_CONVERSION = YES;
				CLANG_WARN_OBJC_ROOT_CLASS = YES_ERROR;
				CLANG_WARN_RANGE_LOOP_ANALYSIS = YES;
				CLANG_WARN_STRICT_PROTOTYPES = YES;
				CLANG_WARN_SUSPICIOUS_MOVE = YES;
				CLANG_WARN_UNGUARDED_AVAILABILITY = YES_AGGRESSIVE;
				CLANG_WARN_UNREACHABLE_CODE = YES;
				CLANG_WARN__DUPLICATE_METHOD_MATCH = YES;
				COPY_PHASE_STRIP = NO;
				DEBUG_INFORMATION_FORMAT = dwarf;
				ENABLE_STRICT_OBJC_MSGSEND = YES;
				ENABLE_TESTABILITY = YES;
				GCC_C_LANGUAGE_STANDARD = gnu11;
				GCC_DYNAMIC_NO_PIC = NO;
				GCC_NO_COMMON_BLOCKS = YES;
				GCC_OPTIMIZATION_LEVEL = 0;
				GCC_PREPROCESSOR_DEFINITIONS = (
					"DEBUG=1",
					"$(inherited)",
				);
				GCC_WARN_64_TO_32_BIT_CONVERSION = YES;
				GCC_WARN_ABOUT_RETURN_TYPE = YES_ERROR;
				GCC_WARN_UNDECLARED_SELECTOR = YES;
				GCC_WARN_UNINITIALIZED_AUTOS = YES_AGGRESSIVE;
				GCC_WARN_UNUSED_FUNCTION = YES;
				GCC_WARN_UNUSED_VARIABLE = YES;
				IPHONEOS_DEPLOYMENT_TARGET = 13.6;
				MTL_ENABLE_DEBUG_INFO = INCLUDE_SOURCE;
				MTL_FAST_MATH = YES;
				ONLY_ACTIVE_ARCH = YES;
				SDKROOT = iphoneos;
				SWIFT_ACTIVE_COMPILATION_CONDITIONS = DEBUG;
				SWIFT_OPTIMIZATION_LEVEL = "-Onone";
			};
			name = Debug;
		};
		9DEF4C0B24D5373D0007C105 /* Release */ = {
			isa = XCBuildConfiguration;
			buildSettings = {
				ALWAYS_SEARCH_USER_PATHS = NO;
				CLANG_ANALYZER_NONNULL = YES;
				CLANG_ANALYZER_NUMBER_OBJECT_CONVERSION = YES_AGGRESSIVE;
				CLANG_CXX_LANGUAGE_STANDARD = "gnu++14";
				CLANG_CXX_LIBRARY = "libc++";
				CLANG_ENABLE_MODULES = YES;
				CLANG_ENABLE_OBJC_ARC = YES;
				CLANG_ENABLE_OBJC_WEAK = YES;
				CLANG_WARN_BLOCK_CAPTURE_AUTORELEASING = YES;
				CLANG_WARN_BOOL_CONVERSION = YES;
				CLANG_WARN_COMMA = YES;
				CLANG_WARN_CONSTANT_CONVERSION = YES;
				CLANG_WARN_DEPRECATED_OBJC_IMPLEMENTATIONS = YES;
				CLANG_WARN_DIRECT_OBJC_ISA_USAGE = YES_ERROR;
				CLANG_WARN_DOCUMENTATION_COMMENTS = YES;
				CLANG_WARN_EMPTY_BODY = YES;
				CLANG_WARN_ENUM_CONVERSION = YES;
				CLANG_WARN_INFINITE_RECURSION = YES;
				CLANG_WARN_INT_CONVERSION = YES;
				CLANG_WARN_NON_LITERAL_NULL_CONVERSION = YES;
				CLANG_WARN_OBJC_IMPLICIT_RETAIN_SELF = YES;
				CLANG_WARN_OBJC_LITERAL_CONVERSION = YES;
				CLANG_WARN_OBJC_ROOT_CLASS = YES_ERROR;
				CLANG_WARN_RANGE_LOOP_ANALYSIS = YES;
				CLANG_WARN_STRICT_PROTOTYPES = YES;
				CLANG_WARN_SUSPICIOUS_MOVE = YES;
				CLANG_WARN_UNGUARDED_AVAILABILITY = YES_AGGRESSIVE;
				CLANG_WARN_UNREACHABLE_CODE = YES;
				CLANG_WARN__DUPLICATE_METHOD_MATCH = YES;
				COPY_PHASE_STRIP = NO;
				DEBUG_INFORMATION_FORMAT = "dwarf-with-dsym";
				ENABLE_NS_ASSERTIONS = NO;
				ENABLE_STRICT_OBJC_MSGSEND = YES;
				GCC_C_LANGUAGE_STANDARD = gnu11;
				GCC_NO_COMMON_BLOCKS = YES;
				GCC_WARN_64_TO_32_BIT_CONVERSION = YES;
				GCC_WARN_ABOUT_RETURN_TYPE = YES_ERROR;
				GCC_WARN_UNDECLARED_SELECTOR = YES;
				GCC_WARN_UNINITIALIZED_AUTOS = YES_AGGRESSIVE;
				GCC_WARN_UNUSED_FUNCTION = YES;
				GCC_WARN_UNUSED_VARIABLE = YES;
				IPHONEOS_DEPLOYMENT_TARGET = 13.6;
				MTL_ENABLE_DEBUG_INFO = NO;
				MTL_FAST_MATH = YES;
				SDKROOT = iphoneos;
				SWIFT_COMPILATION_MODE = wholemodule;
				SWIFT_OPTIMIZATION_LEVEL = "-O";
				VALIDATE_PRODUCT = YES;
			};
			name = Release;
		};
		9DEF4C0D24D5373D0007C105 /* Debug */ = {
			isa = XCBuildConfiguration;
			buildSettings = {
				ASSETCATALOG_COMPILER_APPICON_NAME = AppIcon;
				CODE_SIGN_IDENTITY = "Apple Development";
				CODE_SIGN_STYLE = Automatic;
				DEVELOPMENT_TEAM = "";
				INFOPLIST_FILE = DeviceUtilites/Info.plist;
				IPHONEOS_DEPLOYMENT_TARGET = 11.0;
				LD_RUNPATH_SEARCH_PATHS = (
					"$(inherited)",
					"@executable_path/Frameworks",
				);
				PRODUCT_BUNDLE_IDENTIFIER = test.device;
				PRODUCT_NAME = "$(TARGET_NAME)";
				PROVISIONING_PROFILE_SPECIFIER = "";
				SWIFT_VERSION = 5.0;
				TARGETED_DEVICE_FAMILY = "1,2";
			};
			name = Debug;
		};
		9DEF4C0E24D5373D0007C105 /* Release */ = {
			isa = XCBuildConfiguration;
			buildSettings = {
				ASSETCATALOG_COMPILER_APPICON_NAME = AppIcon;
				CODE_SIGN_IDENTITY = "Apple Development";
				CODE_SIGN_STYLE = Automatic;
				DEVELOPMENT_TEAM = "";
				INFOPLIST_FILE = DeviceUtilites/Info.plist;
				IPHONEOS_DEPLOYMENT_TARGET = 11.0;
				LD_RUNPATH_SEARCH_PATHS = (
					"$(inherited)",
					"@executable_path/Frameworks",
				);
				PRODUCT_BUNDLE_IDENTIFIER = test.device;
				PRODUCT_NAME = "$(TARGET_NAME)";
				PROVISIONING_PROFILE_SPECIFIER = "";
				SWIFT_VERSION = 5.0;
				TARGETED_DEVICE_FAMILY = "1,2";
			};
			name = Release;
		};
/* End XCBuildConfiguration section */

/* Begin XCConfigurationList section */
		9DEF4BF324D5373A0007C105 /* Build configuration list for PBXProject "DeviceUtilites" */ = {
			isa = XCConfigurationList;
			buildConfigurations = (
				9DEF4C0A24D5373D0007C105 /* Debug */,
				9DEF4C0B24D5373D0007C105 /* Release */,
			);
			defaultConfigurationIsVisible = 0;
			defaultConfigurationName = Release;
		};
		9DEF4C0C24D5373D0007C105 /* Build configuration list for PBXNativeTarget "DeviceUtilites" */ = {
			isa = XCConfigurationList;
			buildConfigurations = (
				9DEF4C0D24D5373D0007C105 /* Debug */,
				9DEF4C0E24D5373D0007C105 /* Release */,
			);
			defaultConfigurationIsVisible = 0;
			defaultConfigurationName = Release;
		};
/* End XCConfigurationList section */
	};
	rootObject = 9DEF4BF024D5373A0007C105 /* Project object */;
}
